# THIS IS AN AUTOGENERATED FILE. DO NOT EDIT THIS FILE DIRECTLY.
# yarn lockfile v1


"@brightlayer-ui/prettier-config@^1.0.3":
  version "1.0.3"
  resolved "https://registry.yarnpkg.com/@brightlayer-ui/prettier-config/-/prettier-config-1.0.3.tgz#e40a7ae7435c6fd5118acbf249080e0aa81e93af"
  integrity sha512-EYm3+V7Qd+oYEF+8FadsXAZqXryEHHbGnrV1BMp9selhABjceqUqXPVE4Sn3SKWQdBNJ3En2A3EzgrzRbvRTaw==

prettier@^3.7.3:
  version "3.7.3"
  resolved "https://registry.yarnpkg.com/prettier/-/prettier-3.7.3.tgz#99a8891f6c990cfa54bcff2a0d276e6f845e59ab"
  integrity sha512-QgODejq9K3OzoBbuyobZlUhznP5SKwPqp+6Q6xw6o8gnhr4O85L2U915iM2IDcfF2NPXVaM9zlo9tdwipnYwzg==
