# THIS IS AN AUTOGENERATED FILE. DO NOT EDIT THIS FILE DIRECTLY.
# yarn lockfile v1


"@pxblue/tag@^1.0.0-beta.3":
  version "1.0.0-beta.3"
  resolved "https://registry.yarnpkg.com/@pxblue/tag/-/tag-1.0.0-beta.3.tgz#a2bde15d8a03bf59d847cb9a5ad6a872ef1f6cbb"
  integrity sha512-lKhQeRTzU7DN0er2UjIDBHD+JaJWy7CTLgUXQHsM9uT/aWB6FQGYIrbQxa8iQ5ny1g1qrOdJ5MkRC6ER1i0ltA==
